
Microsoft Visual Studio Solution File, Format Version 12.00
# Visual Studio 14
VisualStudioVersion = 14.0.24720.0
MinimumVisualStudioVersion = 10.0.40219.1
Project("{2150E333-8FDC-42A3-9474-1A3956D46DE8}") = "UI", "UI", "{9E900BB4-D3FD-4D76-BDB7-5E2A2CD151F0}"
EndProject
Project("{FAE04EC0-301F-11D3-BF4B-00C04F79EFBC}") = "Angular.App.UI", "src\Angular.App.UI\Angular.App.UI.csproj", "{96338073-94BB-46FC-B7D3-E4BFCDE075DF}"
EndProject
Project("{2150E333-8FDC-42A3-9474-1A3956D46DE8}") = "DataBase", "DataBase", "{E6499B40-6D0A-4175-963D-12C7766A10EE}"
EndProject
Project("{2150E333-8FDC-42A3-9474-1A3956D46DE8}") = "Application", "Application", "{385B8E8E-E7E3-4352-86A3-5DCD6AFEDA3B}"
EndProject
Project("{FAE04EC0-301F-11D3-BF4B-00C04F79EFBC}") = "Angular.App.Data", "Angular.App.Data\Angular.App.Data.csproj", "{941A90D8-04E3-46EC-8355-7B627FD0AB06}"
EndProject
Project("{FAE04EC0-301F-11D3-BF4B-00C04F79EFBC}") = "Angular.App.Application", "Angular.App.Application\Angular.App.Application.csproj", "{C13F6018-4463-484C-A026-1F8BBAE196C8}"
EndProject
Global
	GlobalSection(SolutionConfigurationPlatforms) = preSolution
		Debug|Any CPU = Debug|Any CPU
		Release|Any CPU = Release|Any CPU
	EndGlobalSection
	GlobalSection(ProjectConfigurationPlatforms) = postSolution
		{96338073-94BB-46FC-B7D3-E4BFCDE075DF}.Debug|Any CPU.ActiveCfg = Debug|Any CPU
		{96338073-94BB-46FC-B7D3-E4BFCDE075DF}.Debug|Any CPU.Build.0 = Debug|Any CPU
		{96338073-94BB-46FC-B7D3-E4BFCDE075DF}.Release|Any CPU.ActiveCfg = Release|Any CPU
		{96338073-94BB-46FC-B7D3-E4BFCDE075DF}.Release|Any CPU.Build.0 = Release|Any CPU
		{941A90D8-04E3-46EC-8355-7B627FD0AB06}.Debug|Any CPU.ActiveCfg = Debug|Any CPU
		{941A90D8-04E3-46EC-8355-7B627FD0AB06}.Debug|Any CPU.Build.0 = Debug|Any CPU
		{941A90D8-04E3-46EC-8355-7B627FD0AB06}.Release|Any CPU.ActiveCfg = Release|Any CPU
		{941A90D8-04E3-46EC-8355-7B627FD0AB06}.Release|Any CPU.Build.0 = Release|Any CPU
		{C13F6018-4463-484C-A026-1F8BBAE196C8}.Debug|Any CPU.ActiveCfg = Debug|Any CPU
		{C13F6018-4463-484C-A026-1F8BBAE196C8}.Debug|Any CPU.Build.0 = Debug|Any CPU
		{C13F6018-4463-484C-A026-1F8BBAE196C8}.Release|Any CPU.ActiveCfg = Release|Any CPU
		{C13F6018-4463-484C-A026-1F8BBAE196C8}.Release|Any CPU.Build.0 = Release|Any CPU
	EndGlobalSection
	GlobalSection(SolutionProperties) = preSolution
		HideSolutionNode = FALSE
	EndGlobalSection
	GlobalSection(NestedProjects) = preSolution
		{96338073-94BB-46FC-B7D3-E4BFCDE075DF} = {9E900BB4-D3FD-4D76-BDB7-5E2A2CD151F0}
		{941A90D8-04E3-46EC-8355-7B627FD0AB06} = {E6499B40-6D0A-4175-963D-12C7766A10EE}
		{C13F6018-4463-484C-A026-1F8BBAE196C8} = {385B8E8E-E7E3-4352-86A3-5DCD6AFEDA3B}
	EndGlobalSection
EndGlobal
